
Microsoft Visual Studio Solution File, Format Version 12.00
# Visual Studio Version 17
VisualStudioVersion = 17.8.34316.72
MinimumVisualStudioVersion = 10.0.40219.1
Project("{8BC9CEB8-8B4A-11D0-8D11-00A0C91BC942}") = "BunniesVsFoxes", "BunniesVsFoxes.vcxproj", "{977CA57F-7C4F-421A-AF29-A1A93573AA6C}"
EndProject
Global
	GlobalSection(SolutionConfigurationPlatforms) = preSolution
		Debug|x64 = Debug|x64
		Debug|x86 = Debug|x86
		Release|x64 = Release|x64
		Release|x86 = Release|x86
	EndGlobalSection
	GlobalSection(ProjectConfigurationPlatforms) = postSolution
		{977CA57F-7C4F-421A-AF29-A1A93573AA6C}.Debug|x64.ActiveCfg = Debug|x64
		{977CA57F-7C4F-421A-AF29-A1A93573AA6C}.Debug|x64.Build.0 = Debug|x64
		{977CA57F-7C4F-421A-AF29-A1A93573AA6C}.Debug|x86.ActiveCfg = Debug|Win32
		{977CA57F-7C4F-421A-AF29-A1A93573AA6C}.Debug|x86.Build.0 = Debug|Win32
		{977CA57F-7C4F-421A-AF29-A1A93573AA6C}.Release|x64.ActiveCfg = Release|x64
		{977CA57F-7C4F-421A-AF29-A1A93573AA6C}.Release|x64.Build.0 = Release|x64
		{977CA57F-7C4F-421A-AF29-A1A93573AA6C}.Release|x86.ActiveCfg = Release|Win32
		{977CA57F-7C4F-421A-AF29-A1A93573AA6C}.Release|x86.Build.0 = Release|Win32
	EndGlobalSection
	GlobalSection(SolutionProperties) = preSolution
		HideSolutionNode = FALSE
	EndGlobalSection
	GlobalSection(ExtensibilityGlobals) = postSolution
		SolutionGuid = {685F1DC3-1EC9-4579-9C10-B4C129A90897}
	EndGlobalSection
EndGlobal
